
Microsoft Visual Studio Solution File, Format Version 12.00
# Visual Studio Version 17
VisualStudioVersion = 17.9.34723.18
MinimumVisualStudioVersion = 10.0.40219.1
Project("{FAE04EC0-301F-11D3-BF4B-00C04F79EFBC}") = "BookingManagementSystem.DAL", "BookingManagementSystem.DAL\BookingManagementSystem.DAL.csproj", "{8F3C4FA4-D5DB-4A13-8C3B-AE020DF6E193}"
EndProject
Project("{FAE04EC0-301F-11D3-BF4B-00C04F79EFBC}") = "BookingManagementSystem.BLL", "BookingManagementSystem.BLL\BookingManagementSystem.BLL.csproj", "{61B3C0E7-2BBF-4F73-962E-83709592F19D}"
EndProject
Project("{FAE04EC0-301F-11D3-BF4B-00C04F79EFBC}") = "BookingManagementSystem.API", "BookingManagementSystem.API\BookingManagementSystem.API.csproj", "{8A257843-6A33-4964-BB32-FDD6C502A793}"
EndProject
Global
	GlobalSection(SolutionConfigurationPlatforms) = preSolution
		Debug|Any CPU = Debug|Any CPU
		Release|Any CPU = Release|Any CPU
	EndGlobalSection
	GlobalSection(ProjectConfigurationPlatforms) = postSolution
		{8F3C4FA4-D5DB-4A13-8C3B-AE020DF6E193}.Debug|Any CPU.ActiveCfg = Debug|Any CPU
		{8F3C4FA4-D5DB-4A13-8C3B-AE020DF6E193}.Debug|Any CPU.Build.0 = Debug|Any CPU
		{8F3C4FA4-D5DB-4A13-8C3B-AE020DF6E193}.Release|Any CPU.ActiveCfg = Release|Any CPU
		{8F3C4FA4-D5DB-4A13-8C3B-AE020DF6E193}.Release|Any CPU.Build.0 = Release|Any CPU
		{61B3C0E7-2BBF-4F73-962E-83709592F19D}.Debug|Any CPU.ActiveCfg = Debug|Any CPU
		{61B3C0E7-2BBF-4F73-962E-83709592F19D}.Debug|Any CPU.Build.0 = Debug|Any CPU
		{61B3C0E7-2BBF-4F73-962E-83709592F19D}.Release|Any CPU.ActiveCfg = Release|Any CPU
		{61B3C0E7-2BBF-4F73-962E-83709592F19D}.Release|Any CPU.Build.0 = Release|Any CPU
		{8A257843-6A33-4964-BB32-FDD6C502A793}.Debug|Any CPU.ActiveCfg = Debug|Any CPU
		{8A257843-6A33-4964-BB32-FDD6C502A793}.Debug|Any CPU.Build.0 = Debug|Any CPU
		{8A257843-6A33-4964-BB32-FDD6C502A793}.Release|Any CPU.ActiveCfg = Release|Any CPU
		{8A257843-6A33-4964-BB32-FDD6C502A793}.Release|Any CPU.Build.0 = Release|Any CPU
	EndGlobalSection
	GlobalSection(SolutionProperties) = preSolution
		HideSolutionNode = FALSE
	EndGlobalSection
	GlobalSection(ExtensibilityGlobals) = postSolution
		SolutionGuid = {6BF87C2C-B890-46A5-B584-5634513BB11A}
	EndGlobalSection
EndGlobal
